// !$*UTF8*$!
{
	archiveVersion = 1;
	classes = {
	};
	objectVersion = 56;
	objects = {

/* Begin PBXBuildFile section */
		C30858FD2F2E3A1800E11B8C /* PostHog in Frameworks */ = {isa = PBXBuildFile; productRef = C30858FC2F2E3A1800E11B8C /* PostHog */; };
		C30858FF2F2E3F4300E11B8C /* AnalyticsManager.swift in Sources */ = {isa = PBXBuildFile; fileRef = C30858FE2F2E3F4300E11B8C /* AnalyticsManager.swift */; };
		C30859012F2E3FC600E11B8C /* PostHogConfig.swift in Sources */ = {isa = PBXBuildFile; fileRef = C30859002F2E3FC600E11B8C /* PostHogConfig.swift */; };
		C34888EC2EB75FF2003094CB /* MomentoTests.swift in Sources */ = {isa = PBXBuildFile; fileRef = C34888EB2EB75FF2003094CB /* MomentoTests.swift */; };
		C34888F62EB75FF2003094CB /* MomentoUITests.swift in Sources */ = {isa = PBXBuildFile; fileRef = C34888F52EB75FF2003094CB /* MomentoUITests.swift */; };
		C34888F82EB75FF2003094CB /* MomentoUITestsLaunchTests.swift in Sources */ = {isa = PBXBuildFile; fileRef = C34888F72EB75FF2003094CB /* MomentoUITestsLaunchTests.swift */; };
		C348890A2EB7B2F1003094CB /* JoinEventSheet.swift in Sources */ = {isa = PBXBuildFile; fileRef = C348890B2EB7B2F1003094CB /* JoinEventSheet.swift */; };
		C348890C2EB7B3F2003094CB /* CameraView.swift in Sources */ = {isa = PBXBuildFile; fileRef = C348890D2EB7B3F2003094CB /* CameraView.swift */; };
		C348890E2EB7B4F3003094CB /* PhotoCaptureSheet.swift in Sources */ = {isa = PBXBuildFile; fileRef = C348890F2EB7B4F3003094CB /* PhotoCaptureSheet.swift */; };
		C34889102EB7C5F4003094CB /* MomentoApp.swift in Sources */ = {isa = PBXBuildFile; fileRef = C34889112EB7C5F4003094CB /* MomentoApp.swift */; };
		C34889122EB7C6F5003094CB /* ContentView.swift in Sources */ = {isa = PBXBuildFile; fileRef = C34889132EB7C6F5003094CB /* ContentView.swift */; };
		C34889142EB7C7F6003094CB /* Event.swift in Sources */ = {isa = PBXBuildFile; fileRef = C34889152EB7C7F6003094CB /* Event.swift */; };
		C34889162EB7C8F7003094CB /* EventRow.swift in Sources */ = {isa = PBXBuildFile; fileRef = C34889172EB7C8F7003094CB /* EventRow.swift */; };
		C34889182EB7C9F8003094CB /* AddEventSheet.swift in Sources */ = {isa = PBXBuildFile; fileRef = C34889192EB7C9F8003094CB /* AddEventSheet.swift */; };
		C348891A2EB7CAF9003094CB /* TimeFormatter.swift in Sources */ = {isa = PBXBuildFile; fileRef = C348891B2EB7CAF9003094CB /* TimeFormatter.swift */; };
		C348891C2EB7CBF0003094CB /* EventManager.swift in Sources */ = {isa = PBXBuildFile; fileRef = C348891D2EB7CBF0003094CB /* EventManager.swift */; };
		C34A395E2EDC55360059FA89 /* PhotoRevealCard.swift in Sources */ = {isa = PBXBuildFile; fileRef = C34A395B2EDC55360059FA89 /* PhotoRevealCard.swift */; };
		C34A39602EDC55360059FA89 /* EmojiReactionPicker.swift in Sources */ = {isa = PBXBuildFile; fileRef = C34A395D2EDC55360059FA89 /* EmojiReactionPicker.swift */; };
		C34A39642EDC55DB0059FA89 /* HapticsManager.swift in Sources */ = {isa = PBXBuildFile; fileRef = C34A39632EDC55DB0059FA89 /* HapticsManager.swift */; };
		C34D444E2F0A80EE0019CA2C /* SettingsView.swift in Sources */ = {isa = PBXBuildFile; fileRef = C34D444D2F0A80ED0019CA2C /* SettingsView.swift */; };
		C34D44502F0AA5B70019CA2C /* Assets.xcassets in Resources */ = {isa = PBXBuildFile; fileRef = C34D444F2F0AA5B70019CA2C /* Assets.xcassets */; };
		C34D44522F0AAA810019CA2C /* UsernameSelectionView.swift in Sources */ = {isa = PBXBuildFile; fileRef = C34D44512F0AAA810019CA2C /* UsernameSelectionView.swift */; };
		C36446B62EF8200000000001 /* CreateMomentoFlow.swift in Sources */ = {isa = PBXBuildFile; fileRef = C36446B72EF8200000000001 /* CreateMomentoFlow.swift */; };
		C36446B82EF8200000000002 /* CreateStep1NameView.swift in Sources */ = {isa = PBXBuildFile; fileRef = C36446B92EF8200000000002 /* CreateStep1NameView.swift */; };
		C36446BA2EF8200000000003 /* CreateStep2TimesView.swift in Sources */ = {isa = PBXBuildFile; fileRef = C36446BB2EF8200000000003 /* CreateStep2TimesView.swift */; };
		C36446BC2EF8200000000004 /* CreateStep3ShareView.swift in Sources */ = {isa = PBXBuildFile; fileRef = C36446BD2EF8200000000004 /* CreateStep3ShareView.swift */; };
		C372E3B92F26C55A00F905AE /* ProfileView.swift in Sources */ = {isa = PBXBuildFile; fileRef = C372E3B32F26C55A00F905AE /* ProfileView.swift */; };
		C372E3BA2F26C55A00F905AE /* KeepsakeDetailModal.swift in Sources */ = {isa = PBXBuildFile; fileRef = C372E3B42F26C55A00F905AE /* KeepsakeDetailModal.swift */; };
		C372E3BB2F26C55A00F905AE /* KeepsakeRevealView.swift in Sources */ = {isa = PBXBuildFile; fileRef = C372E3B52F26C55A00F905AE /* KeepsakeRevealView.swift */; };
		C372E3BC2F26C55A00F905AE /* StatCardView.swift in Sources */ = {isa = PBXBuildFile; fileRef = C372E3B62F26C55A00F905AE /* StatCardView.swift */; };
		C372E3BD2F26C55A00F905AE /* StatsGridView.swift in Sources */ = {isa = PBXBuildFile; fileRef = C372E3B72F26C55A00F905AE /* StatsGridView.swift */; };
		C372E3BE2F26C55A00F905AE /* KeepsakeGridView.swift in Sources */ = {isa = PBXBuildFile; fileRef = C372E3B82F26C55A00F905AE /* KeepsakeGridView.swift */; };
		C3ACE7612EC0A137004B23B1 /* PhotoStorageManager.swift in Sources */ = {isa = PBXBuildFile; fileRef = C3ACE75F2EC0A137004B23B1 /* PhotoStorageManager.swift */; };
		C3ACE7642EC0B243004B23B1 /* PremiumEventCard.swift in Sources */ = {isa = PBXBuildFile; fileRef = C3ACE7632EC0B243004B23B1 /* PremiumEventCard.swift */; };
		C3ACE7662EC0B414004B23B1 /* InviteSheet.swift in Sources */ = {isa = PBXBuildFile; fileRef = C3ACE7652EC0B413004B23B1 /* InviteSheet.swift */; };
		C3ACE7692EC0E45B004B23B1 /* Auth in Frameworks */ = {isa = PBXBuildFile; productRef = C3ACE7682EC0E45B004B23B1 /* Auth */; };
		C3ACE76B2EC0E45B004B23B1 /* Functions in Frameworks */ = {isa = PBXBuildFile; productRef = C3ACE76A2EC0E45B004B23B1 /* Functions */; };
		C3ACE76D2EC0E45B004B23B1 /* PostgREST in Frameworks */ = {isa = PBXBuildFile; productRef = C3ACE76C2EC0E45B004B23B1 /* PostgREST */; };
		C3ACE76F2EC0E45B004B23B1 /* Realtime in Frameworks */ = {isa = PBXBuildFile; productRef = C3ACE76E2EC0E45B004B23B1 /* Realtime */; };
		C3ACE7712EC0E45B004B23B1 /* Storage in Frameworks */ = {isa = PBXBuildFile; productRef = C3ACE7702EC0E45B004B23B1 /* Storage */; };
		C3ACE7742EC0F096004B23B1 /* SignInView.swift in Sources */ = {isa = PBXBuildFile; fileRef = C3ACE7722EC0F096004B23B1 /* SignInView.swift */; };
		C3ACE7752EC0F096004B23B1 /* AuthenticationRootView.swift in Sources */ = {isa = PBXBuildFile; fileRef = C3ACE7732EC0F096004B23B1 /* AuthenticationRootView.swift */; };
		C3ACE7772EC0F101004B23B1 /* OfflineSyncManager.swift in Sources */ = {isa = PBXBuildFile; fileRef = C3ACE7762EC0F101004B23B1 /* OfflineSyncManager.swift */; };
		C3ACE7792EC0F158004B23B1 /* SupabaseConfig.swift in Sources */ = {isa = PBXBuildFile; fileRef = C3ACE7782EC0F158004B23B1 /* SupabaseConfig.swift */; };
		C3ACE77B2EC0F190004B23B1 /* SupabaseManager.swift in Sources */ = {isa = PBXBuildFile; fileRef = C3ACE77A2EC0F190004B23B1 /* SupabaseManager.swift */; };
		C3ACE77E2EC0F920004B23B1 /* Supabase in Frameworks */ = {isa = PBXBuildFile; productRef = C3ACE77D2EC0F920004B23B1 /* Supabase */; };
		C3C4112C2EF857E9002D8DB5 /* KodakGoldFilter.swift in Sources */ = {isa = PBXBuildFile; fileRef = C3C4112B2EF857E8002D8DB5 /* KodakGoldFilter.swift */; };
		C3C4112E2EFEF5F8002D8DB5 /* PhotoGalleryView.swift in Sources */ = {isa = PBXBuildFile; fileRef = C3C4112D2EFEF5F8002D8DB5 /* PhotoGalleryView.swift */; };
		C3C411322EFEF88E002D8DB5 /* RevealStateManager.swift in Sources */ = {isa = PBXBuildFile; fileRef = C3C411312EFEF88E002D8DB5 /* RevealStateManager.swift */; };
		C3C570A02F26579F00A8024C /* VerificationCodeInput.swift in Sources */ = {isa = PBXBuildFile; fileRef = C3C5709E2F26579F00A8024C /* VerificationCodeInput.swift */; };
		C3C570A12F26579F00A8024C /* EventPreviewModal.swift in Sources */ = {isa = PBXBuildFile; fileRef = C3C5709F2F26579F00A8024C /* EventPreviewModal.swift */; };
		C3C6D43A2F20299100847D38 /* RevealCardView.swift in Sources */ = {isa = PBXBuildFile; fileRef = C3C6D4392F20299100847D38 /* RevealCardView.swift */; };
		C3C6D43C2F2029A400847D38 /* FeedRevealView.swift in Sources */ = {isa = PBXBuildFile; fileRef = C3C6D43B2F2029A400847D38 /* FeedRevealView.swift */; };
		C3C6D43F2F2029F700847D38 /* ImageCacheManager.swift in Sources */ = {isa = PBXBuildFile; fileRef = C3C6D43D2F2029F700847D38 /* ImageCacheManager.swift */; };
		C3CARDPREV012F0B00000001 /* CardPreviewView.swift in Sources */ = {isa = PBXBuildFile; fileRef = C3CARDPREV022F0B00000001 /* CardPreviewView.swift */; };
		C3STACK032F0B000000000002 /* LikedGalleryView.swift in Sources */ = {isa = PBXBuildFile; fileRef = C3STACK042F0B000000000002 /* LikedGalleryView.swift */; };
/* End PBXBuildFile section */

/* Begin PBXContainerItemProxy section */
		C34888E82EB75FF2003094CB /* PBXContainerItemProxy */ = {
			isa = PBXContainerItemProxy;
			containerPortal = C34888CF2EB75FEE003094CB /* Project object */;
			proxyType = 1;
			remoteGlobalIDString = C34888D62EB75FEF003094CB;
			remoteInfo = Momento;
		};
		C34888F22EB75FF2003094CB /* PBXContainerItemProxy */ = {
			isa = PBXContainerItemProxy;
			containerPortal = C34888CF2EB75FEE003094CB /* Project object */;
			proxyType = 1;
			remoteGlobalIDString = C34888D62EB75FEF003094CB;
			remoteInfo = Momento;
		};
/* End PBXContainerItemProxy section */

/* Begin PBXFileReference section */
		C30858FE2F2E3F4300E11B8C /* AnalyticsManager.swift */ = {isa = PBXFileReference; fileEncoding = 4; lastKnownFileType = sourcecode.swift; name = AnalyticsManager.swift; path = Services/AnalyticsManager.swift; sourceTree = "<group>"; };
		C30859002F2E3FC600E11B8C /* PostHogConfig.swift */ = {isa = PBXFileReference; fileEncoding = 4; lastKnownFileType = sourcecode.swift; name = PostHogConfig.swift; path = Config/PostHogConfig.swift; sourceTree = "<group>"; };
		C34888D72EB75FEF003094CB /* Momento.app */ = {isa = PBXFileReference; explicitFileType = wrapper.application; includeInIndex = 0; path = Momento.app; sourceTree = BUILT_PRODUCTS_DIR; };
		C34888E72EB75FF2003094CB /* MomentoTests.xctest */ = {isa = PBXFileReference; explicitFileType = wrapper.cfbundle; includeInIndex = 0; path = MomentoTests.xctest; sourceTree = BUILT_PRODUCTS_DIR; };
		C34888EB2EB75FF2003094CB /* MomentoTests.swift */ = {isa = PBXFileReference; lastKnownFileType = sourcecode.swift; path = MomentoTests.swift; sourceTree = "<group>"; };
		C34888F12EB75FF2003094CB /* MomentoUITests.xctest */ = {isa = PBXFileReference; explicitFileType = wrapper.cfbundle; includeInIndex = 0; path = MomentoUITests.xctest; sourceTree = BUILT_PRODUCTS_DIR; };
		C34888F52EB75FF2003094CB /* MomentoUITests.swift */ = {isa = PBXFileReference; lastKnownFileType = sourcecode.swift; path = MomentoUITests.swift; sourceTree = "<group>"; };
		C34888F72EB75FF2003094CB /* MomentoUITestsLaunchTests.swift */ = {isa = PBXFileReference; lastKnownFileType = sourcecode.swift; path = MomentoUITestsLaunchTests.swift; sourceTree = "<group>"; };
		C348890B2EB7B2F1003094CB /* JoinEventSheet.swift */ = {isa = PBXFileReference; lastKnownFileType = sourcecode.swift; path = JoinEventSheet.swift; sourceTree = "<group>"; };
		C348890D2EB7B3F2003094CB /* CameraView.swift */ = {isa = PBXFileReference; lastKnownFileType = sourcecode.swift; path = CameraView.swift; sourceTree = "<group>"; };
		C348890F2EB7B4F3003094CB /* PhotoCaptureSheet.swift */ = {isa = PBXFileReference; lastKnownFileType = sourcecode.swift; path = PhotoCaptureSheet.swift; sourceTree = "<group>"; };
		C34889112EB7C5F4003094CB /* MomentoApp.swift */ = {isa = PBXFileReference; lastKnownFileType = sourcecode.swift; path = MomentoApp.swift; sourceTree = "<group>"; };
		C34889132EB7C6F5003094CB /* ContentView.swift */ = {isa = PBXFileReference; lastKnownFileType = sourcecode.swift; path = ContentView.swift; sourceTree = "<group>"; };
		C34889152EB7C7F6003094CB /* Event.swift */ = {isa = PBXFileReference; lastKnownFileType = sourcecode.swift; path = Event.swift; sourceTree = "<group>"; };
		C34889172EB7C8F7003094CB /* EventRow.swift */ = {isa = PBXFileReference; lastKnownFileType = sourcecode.swift; path = EventRow.swift; sourceTree = "<group>"; };
		C34889192EB7C9F8003094CB /* AddEventSheet.swift */ = {isa = PBXFileReference; lastKnownFileType = sourcecode.swift; path = AddEventSheet.swift; sourceTree = "<group>"; };
		C348891B2EB7CAF9003094CB /* TimeFormatter.swift */ = {isa = PBXFileReference; lastKnownFileType = sourcecode.swift; path = TimeFormatter.swift; sourceTree = "<group>"; };
		C348891D2EB7CBF0003094CB /* EventManager.swift */ = {isa = PBXFileReference; lastKnownFileType = sourcecode.swift; path = EventManager.swift; sourceTree = "<group>"; };
		C34A395B2EDC55360059FA89 /* PhotoRevealCard.swift */ = {isa = PBXFileReference; fileEncoding = 4; lastKnownFileType = sourcecode.swift; path = PhotoRevealCard.swift; sourceTree = "<group>"; };
		C34A395D2EDC55360059FA89 /* EmojiReactionPicker.swift */ = {isa = PBXFileReference; fileEncoding = 4; lastKnownFileType = sourcecode.swift; path = EmojiReactionPicker.swift; sourceTree = "<group>"; };
		C34A39632EDC55DB0059FA89 /* HapticsManager.swift */ = {isa = PBXFileReference; lastKnownFileType = sourcecode.swift; path = HapticsManager.swift; sourceTree = "<group>"; };
		C34A39682EDC96D90059FA89 /* Info.plist */ = {isa = PBXFileReference; fileEncoding = 4; lastKnownFileType = text.plist.xml; path = Info.plist; sourceTree = "<group>"; };
		C34D444C2F0A80760019CA2C /* Momento.entitlements */ = {isa = PBXFileReference; lastKnownFileType = text.plist.entitlements; path = Momento.entitlements; sourceTree = "<group>"; };
		C34D444D2F0A80ED0019CA2C /* SettingsView.swift */ = {isa = PBXFileReference; fileEncoding = 4; lastKnownFileType = sourcecode.swift; path = SettingsView.swift; sourceTree = "<group>"; };
		C34D444F2F0AA5B70019CA2C /* Assets.xcassets */ = {isa = PBXFileReference; lastKnownFileType = folder.assetcatalog; name = Assets.xcassets; path = Momento/Assets.xcassets; sourceTree = "<group>"; };
		C34D44512F0AAA810019CA2C /* UsernameSelectionView.swift */ = {isa = PBXFileReference; fileEncoding = 4; lastKnownFileType = sourcecode.swift; path = UsernameSelectionView.swift; sourceTree = "<group>"; };
		C36446B72EF8200000000001 /* CreateMomentoFlow.swift */ = {isa = PBXFileReference; lastKnownFileType = sourcecode.swift; path = CreateMomentoFlow.swift; sourceTree = "<group>"; };
		C36446B92EF8200000000002 /* CreateStep1NameView.swift */ = {isa = PBXFileReference; lastKnownFileType = sourcecode.swift; path = CreateStep1NameView.swift; sourceTree = "<group>"; };
		C36446BB2EF8200000000003 /* CreateStep2TimesView.swift */ = {isa = PBXFileReference; lastKnownFileType = sourcecode.swift; path = CreateStep2TimesView.swift; sourceTree = "<group>"; };
		C36446BD2EF8200000000004 /* CreateStep3ShareView.swift */ = {isa = PBXFileReference; lastKnownFileType = sourcecode.swift; path = CreateStep3ShareView.swift; sourceTree = "<group>"; };
		C372E3B32F26C55A00F905AE /* ProfileView.swift */ = {isa = PBXFileReference; fileEncoding = 4; lastKnownFileType = sourcecode.swift; name = ProfileView.swift; path = Profile/ProfileView.swift; sourceTree = "<group>"; };
		C372E3B42F26C55A00F905AE /* KeepsakeDetailModal.swift */ = {isa = PBXFileReference; fileEncoding = 4; lastKnownFileType = sourcecode.swift; name = KeepsakeDetailModal.swift; path = Profile/KeepsakeDetailModal.swift; sourceTree = "<group>"; };
		C372E3B52F26C55A00F905AE /* KeepsakeRevealView.swift */ = {isa = PBXFileReference; fileEncoding = 4; lastKnownFileType = sourcecode.swift; name = KeepsakeRevealView.swift; path = Profile/KeepsakeRevealView.swift; sourceTree = "<group>"; };
		C372E3B62F26C55A00F905AE /* StatCardView.swift */ = {isa = PBXFileReference; fileEncoding = 4; lastKnownFileType = sourcecode.swift; name = StatCardView.swift; path = Profile/StatCardView.swift; sourceTree = "<group>"; };
		C372E3B72F26C55A00F905AE /* StatsGridView.swift */ = {isa = PBXFileReference; fileEncoding = 4; lastKnownFileType = sourcecode.swift; name = StatsGridView.swift; path = Profile/StatsGridView.swift; sourceTree = "<group>"; };
		C372E3B82F26C55A00F905AE /* KeepsakeGridView.swift */ = {isa = PBXFileReference; fileEncoding = 4; lastKnownFileType = sourcecode.swift; name = KeepsakeGridView.swift; path = Profile/KeepsakeGridView.swift; sourceTree = "<group>"; };
		C3ACE75F2EC0A137004B23B1 /* PhotoStorageManager.swift */ = {isa = PBXFileReference; fileEncoding = 4; lastKnownFileType = sourcecode.swift; path = PhotoStorageManager.swift; sourceTree = "<group>"; };
		C3ACE7632EC0B243004B23B1 /* PremiumEventCard.swift */ = {isa = PBXFileReference; fileEncoding = 4; lastKnownFileType = sourcecode.swift; path = PremiumEventCard.swift; sourceTree = "<group>"; };
		C3ACE7652EC0B413004B23B1 /* InviteSheet.swift */ = {isa = PBXFileReference; fileEncoding = 4; lastKnownFileType = sourcecode.swift; path = InviteSheet.swift; sourceTree = "<group>"; };
		C3ACE7722EC0F096004B23B1 /* SignInView.swift */ = {isa = PBXFileReference; fileEncoding = 4; lastKnownFileType = sourcecode.swift; path = SignInView.swift; sourceTree = "<group>"; };
		C3ACE7732EC0F096004B23B1 /* AuthenticationRootView.swift */ = {isa = PBXFileReference; fileEncoding = 4; lastKnownFileType = sourcecode.swift; path = AuthenticationRootView.swift; sourceTree = "<group>"; };
		C3ACE7762EC0F101004B23B1 /* OfflineSyncManager.swift */ = {isa = PBXFileReference; fileEncoding = 4; lastKnownFileType = sourcecode.swift; name = OfflineSyncManager.swift; path = Services/OfflineSyncManager.swift; sourceTree = "<group>"; };
		C3ACE7782EC0F158004B23B1 /* SupabaseConfig.swift */ = {isa = PBXFileReference; fileEncoding = 4; lastKnownFileType = sourcecode.swift; name = SupabaseConfig.swift; path = Config/SupabaseConfig.swift; sourceTree = "<group>"; };
		C3ACE77A2EC0F190004B23B1 /* SupabaseManager.swift */ = {isa = PBXFileReference; fileEncoding = 4; lastKnownFileType = sourcecode.swift; name = SupabaseManager.swift; path = Services/SupabaseManager.swift; sourceTree = "<group>"; };
		C3C4112B2EF857E8002D8DB5 /* KodakGoldFilter.swift */ = {isa = PBXFileReference; fileEncoding = 4; lastKnownFileType = sourcecode.swift; name = KodakGoldFilter.swift; path = Momento/Filters/KodakGoldFilter.swift; sourceTree = "<group>"; };
		C3C4112D2EFEF5F8002D8DB5 /* PhotoGalleryView.swift */ = {isa = PBXFileReference; fileEncoding = 4; lastKnownFileType = sourcecode.swift; path = PhotoGalleryView.swift; sourceTree = "<group>"; };
		C3C411312EFEF88E002D8DB5 /* RevealStateManager.swift */ = {isa = PBXFileReference; fileEncoding = 4; lastKnownFileType = sourcecode.swift; name = RevealStateManager.swift; path = Services/RevealStateManager.swift; sourceTree = "<group>"; };
		C3C5709E2F26579F00A8024C /* VerificationCodeInput.swift */ = {isa = PBXFileReference; fileEncoding = 4; lastKnownFileType = sourcecode.swift; name = VerificationCodeInput.swift; path = Components/VerificationCodeInput.swift; sourceTree = "<group>"; };
		C3C5709F2F26579F00A8024C /* EventPreviewModal.swift */ = {isa = PBXFileReference; fileEncoding = 4; lastKnownFileType = sourcecode.swift; name = EventPreviewModal.swift; path = Components/EventPreviewModal.swift; sourceTree = "<group>"; };
		C3C6D4392F20299100847D38 /* RevealCardView.swift */ = {isa = PBXFileReference; fileEncoding = 4; lastKnownFileType = sourcecode.swift; path = RevealCardView.swift; sourceTree = "<group>"; };
		C3C6D43B2F2029A400847D38 /* FeedRevealView.swift */ = {isa = PBXFileReference; fileEncoding = 4; lastKnownFileType = sourcecode.swift; path = FeedRevealView.swift; sourceTree = "<group>"; };
		C3C6D43D2F2029F700847D38 /* ImageCacheManager.swift */ = {isa = PBXFileReference; fileEncoding = 4; lastKnownFileType = sourcecode.swift; name = ImageCacheManager.swift; path = Services/ImageCacheManager.swift; sourceTree = "<group>"; };
		C3CARDPREV022F0B00000001 /* CardPreviewView.swift */ = {isa = PBXFileReference; lastKnownFileType = sourcecode.swift; path = CardPreviewView.swift; sourceTree = "<group>"; };
		C3STACK042F0B000000000002 /* LikedGalleryView.swift */ = {isa = PBXFileReference; lastKnownFileType = sourcecode.swift; path = LikedGalleryView.swift; sourceTree = "<group>"; };
/* End PBXFileReference section */

/* Begin PBXFrameworksBuildPhase section */
		C34888D42EB75FEF003094CB /* Frameworks */ = {
			isa = PBXFrameworksBuildPhase;
			buildActionMask = 2147483647;
			files = (
				C3ACE76D2EC0E45B004B23B1 /* PostgREST in Frameworks */,
				C3ACE76B2EC0E45B004B23B1 /* Functions in Frameworks */,
				C30858FD2F2E3A1800E11B8C /* PostHog in Frameworks */,
				C3ACE77E2EC0F920004B23B1 /* Supabase in Frameworks */,
				C3ACE7692EC0E45B004B23B1 /* Auth in Frameworks */,
				C3ACE7712EC0E45B004B23B1 /* Storage in Frameworks */,
				C3ACE76F2EC0E45B004B23B1 /* Realtime in Frameworks */,
			);
			runOnlyForDeploymentPostprocessing = 0;
		};
		C34888E42EB75FF2003094CB /* Frameworks */ = {
			isa = PBXFrameworksBuildPhase;
			buildActionMask = 2147483647;
			files = (
			);
			runOnlyForDeploymentPostprocessing = 0;
		};
		C34888EE2EB75FF2003094CB /* Frameworks */ = {
			isa = PBXFrameworksBuildPhase;
			buildActionMask = 2147483647;
			files = (
			);
			runOnlyForDeploymentPostprocessing = 0;
		};
/* End PBXFrameworksBuildPhase section */

/* Begin PBXGroup section */
		C34888CE2EB75FEE003094CB = {
			isa = PBXGroup;
			children = (
				C34D444F2F0AA5B70019CA2C /* Assets.xcassets */,
				C3C4112B2EF857E8002D8DB5 /* KodakGoldFilter.swift */,
				C348890C2EB7BEAD003094CB /* Momento */,
				C34888EA2EB75FF2003094CB /* MomentoTests */,
				C34888F42EB75FF2003094CB /* MomentoUITests */,
				C34888D82EB75FEF003094CB /* Products */,
				C348890B2EB7BE60003094CB /* Recovered References */,
				C3ACE77C2EC0F920004B23B1 /* Frameworks */,
			);
			sourceTree = "<group>";
		};
		C34888D82EB75FEF003094CB /* Products */ = {
			isa = PBXGroup;
			children = (
				C34888D72EB75FEF003094CB /* Momento.app */,
				C34888E72EB75FF2003094CB /* MomentoTests.xctest */,
				C34888F12EB75FF2003094CB /* MomentoUITests.xctest */,
			);
			name = Products;
			sourceTree = "<group>";
		};
		C34888EA2EB75FF2003094CB /* MomentoTests */ = {
			isa = PBXGroup;
			children = (
				C34888EB2EB75FF2003094CB /* MomentoTests.swift */,
			);
			path = MomentoTests;
			sourceTree = "<group>";
		};
		C34888F42EB75FF2003094CB /* MomentoUITests */ = {
			isa = PBXGroup;
			children = (
				C34888F52EB75FF2003094CB /* MomentoUITests.swift */,
				C34888F72EB75FF2003094CB /* MomentoUITestsLaunchTests.swift */,
			);
			path = MomentoUITests;
			sourceTree = "<group>";
		};
		C348890B2EB7BE60003094CB /* Recovered References */ = {
			isa = PBXGroup;
			children = (
			);
			name = "Recovered References";
			sourceTree = "<group>";
		};
		C348890C2EB7BEAD003094CB /* Momento */ = {
			isa = PBXGroup;
			children = (
				C30859002F2E3FC600E11B8C /* PostHogConfig.swift */,
				C30858FE2F2E3F4300E11B8C /* AnalyticsManager.swift */,
				C372E3B42F26C55A00F905AE /* KeepsakeDetailModal.swift */,
				C372E3B82F26C55A00F905AE /* KeepsakeGridView.swift */,
				C372E3B52F26C55A00F905AE /* KeepsakeRevealView.swift */,
				C372E3B32F26C55A00F905AE /* ProfileView.swift */,
				C372E3B62F26C55A00F905AE /* StatCardView.swift */,
				C372E3B72F26C55A00F905AE /* StatsGridView.swift */,
				C3C5709F2F26579F00A8024C /* EventPreviewModal.swift */,
				C3C5709E2F26579F00A8024C /* VerificationCodeInput.swift */,
				C3C6D43D2F2029F700847D38 /* ImageCacheManager.swift */,
				C3C6D43B2F2029A400847D38 /* FeedRevealView.swift */,
				C3C6D4392F20299100847D38 /* RevealCardView.swift */,
				C34D44512F0AAA810019CA2C /* UsernameSelectionView.swift */,
				C34D444D2F0A80ED0019CA2C /* SettingsView.swift */,
				C34D444C2F0A80760019CA2C /* Momento.entitlements */,
				C34A39682EDC96D90059FA89 /* Info.plist */,
				C34A395D2EDC55360059FA89 /* EmojiReactionPicker.swift */,
				C34A395B2EDC55360059FA89 /* PhotoRevealCard.swift */,
				C3ACE77A2EC0F190004B23B1 /* SupabaseManager.swift */,
				C36446BE2EF8200000000005 /* CreateMomento */,
				C3ACE7782EC0F158004B23B1 /* SupabaseConfig.swift */,
				C3ACE7762EC0F101004B23B1 /* OfflineSyncManager.swift */,
				C3ACE7732EC0F096004B23B1 /* AuthenticationRootView.swift */,
				C3ACE7722EC0F096004B23B1 /* SignInView.swift */,
				C3ACE7652EC0B413004B23B1 /* InviteSheet.swift */,
				C3ACE7632EC0B243004B23B1 /* PremiumEventCard.swift */,
				C3C4112D2EFEF5F8002D8DB5 /* PhotoGalleryView.swift */,
				C3C411312EFEF88E002D8DB5 /* RevealStateManager.swift */,
				C3ACE75F2EC0A137004B23B1 /* PhotoStorageManager.swift */,
				C34889112EB7C5F4003094CB /* MomentoApp.swift */,
				C34889132EB7C6F5003094CB /* ContentView.swift */,
				C34889152EB7C7F6003094CB /* Event.swift */,
				C34889172EB7C8F7003094CB /* EventRow.swift */,
				C3STACK042F0B000000000002 /* LikedGalleryView.swift */,
				C3CARDPREV022F0B00000001 /* CardPreviewView.swift */,
				C34889192EB7C9F8003094CB /* AddEventSheet.swift */,
				C348890B2EB7B2F1003094CB /* JoinEventSheet.swift */,
				C348890D2EB7B3F2003094CB /* CameraView.swift */,
				C348890F2EB7B4F3003094CB /* PhotoCaptureSheet.swift */,
				C34A39632EDC55DB0059FA89 /* HapticsManager.swift */,
				C348891B2EB7CAF9003094CB /* TimeFormatter.swift */,
				C348891D2EB7CBF0003094CB /* EventManager.swift */,
			);
			path = Momento;
			sourceTree = "<group>";
		};
		C36446BE2EF8200000000005 /* CreateMomento */ = {
			isa = PBXGroup;
			children = (
				C36446B72EF8200000000001 /* CreateMomentoFlow.swift */,
				C36446B92EF8200000000002 /* CreateStep1NameView.swift */,
				C36446BB2EF8200000000003 /* CreateStep2TimesView.swift */,
				C36446BD2EF8200000000004 /* CreateStep3ShareView.swift */,
			);
			path = CreateMomento;
			sourceTree = "<group>";
		};
		C3ACE77C2EC0F920004B23B1 /* Frameworks */ = {
			isa = PBXGroup;
			children = (
			);
			name = Frameworks;
			sourceTree = "<group>";
		};
/* End PBXGroup section */

/* Begin PBXNativeTarget section */
		C34888D62EB75FEF003094CB /* Momento */ = {
			isa = PBXNativeTarget;
			buildConfigurationList = C34888FB2EB75FF2003094CB /* Build configuration list for PBXNativeTarget "Momento" */;
			buildPhases = (
				C34888D32EB75FEF003094CB /* Sources */,
				C34888D42EB75FEF003094CB /* Frameworks */,
				C34888D52EB75FEF003094CB /* Resources */,
			);
			buildRules = (
			);
			dependencies = (
			);
			name = Momento;
			packageProductDependencies = (
				C3ACE7682EC0E45B004B23B1 /* Auth */,
				C3ACE76A2EC0E45B004B23B1 /* Functions */,
				C3ACE76C2EC0E45B004B23B1 /* PostgREST */,
				C3ACE76E2EC0E45B004B23B1 /* Realtime */,
				C3ACE7702EC0E45B004B23B1 /* Storage */,
				C3ACE77D2EC0F920004B23B1 /* Supabase */,
				C30858FC2F2E3A1800E11B8C /* PostHog */,
			);
			productName = Momento;
			productReference = C34888D72EB75FEF003094CB /* Momento.app */;
			productType = "com.apple.product-type.application";
		};
		C34888E62EB75FF2003094CB /* MomentoTests */ = {
			isa = PBXNativeTarget;
			buildConfigurationList = C34888FE2EB75FF2003094CB /* Build configuration list for PBXNativeTarget "MomentoTests" */;
			buildPhases = (
				C34888E32EB75FF2003094CB /* Sources */,
				C34888E42EB75FF2003094CB /* Frameworks */,
				C34888E52EB75FF2003094CB /* Resources */,
			);
			buildRules = (
			);
			dependencies = (
				C34888E92EB75FF2003094CB /* PBXTargetDependency */,
			);
			name = MomentoTests;
			productName = MomentoTests;
			productReference = C34888E72EB75FF2003094CB /* MomentoTests.xctest */;
			productType = "com.apple.product-type.bundle.unit-test";
		};
		C34888F02EB75FF2003094CB /* MomentoUITests */ = {
			isa = PBXNativeTarget;
			buildConfigurationList = C34889012EB75FF2003094CB /* Build configuration list for PBXNativeTarget "MomentoUITests" */;
			buildPhases = (
				C34888ED2EB75FF2003094CB /* Sources */,
				C34888EE2EB75FF2003094CB /* Frameworks */,
				C34888EF2EB75FF2003094CB /* Resources */,
			);
			buildRules = (
			);
			dependencies = (
				C34888F32EB75FF2003094CB /* PBXTargetDependency */,
			);
			name = MomentoUITests;
			productName = MomentoUITests;
			productReference = C34888F12EB75FF2003094CB /* MomentoUITests.xctest */;
			productType = "com.apple.product-type.bundle.ui-testing";
		};
/* End PBXNativeTarget section */

/* Begin PBXProject section */
		C34888CF2EB75FEE003094CB /* Project object */ = {
			isa = PBXProject;
			attributes = {
				BuildIndependentTargetsInParallel = 1;
				LastSwiftUpdateCheck = 1520;
				LastUpgradeCheck = 1520;
				TargetAttributes = {
					C34888D62EB75FEF003094CB = {
						CreatedOnToolsVersion = 15.2;
					};
					C34888E62EB75FF2003094CB = {
						CreatedOnToolsVersion = 15.2;
						TestTargetID = C34888D62EB75FEF003094CB;
					};
					C34888F02EB75FF2003094CB = {
						CreatedOnToolsVersion = 15.2;
						TestTargetID = C34888D62EB75FEF003094CB;
					};
				};
			};
			buildConfigurationList = C34888D22EB75FEE003094CB /* Build configuration list for PBXProject "Momento" */;
			compatibilityVersion = "Xcode 14.0";
			developmentRegion = en;
			hasScannedForEncodings = 0;
			knownRegions = (
				en,
				Base,
			);
			mainGroup = C34888CE2EB75FEE003094CB;
			packageReferences = (
				C3ACE7672EC0E45B004B23B1 /* XCRemoteSwiftPackageReference "supabase-swift" */,
				C30858FB2F2E3A1800E11B8C /* XCRemoteSwiftPackageReference "posthog-ios" */,
			);
			productRefGroup = C34888D82EB75FEF003094CB /* Products */;
			projectDirPath = "";
			projectRoot = "";
			targets = (
				C34888D62EB75FEF003094CB /* Momento */,
				C34888E62EB75FF2003094CB /* MomentoTests */,
				C34888F02EB75FF2003094CB /* MomentoUITests */,
			);
		};
/* End PBXProject section */

/* Begin PBXResourcesBuildPhase section */
		C34888D52EB75FEF003094CB /* Resources */ = {
			isa = PBXResourcesBuildPhase;
			buildActionMask = 2147483647;
			files = (
				C34D44502F0AA5B70019CA2C /* Assets.xcassets in Resources */,
			);
			runOnlyForDeploymentPostprocessing = 0;
		};
		C34888E52EB75FF2003094CB /* Resources */ = {
			isa = PBXResourcesBuildPhase;
			buildActionMask = 2147483647;
			files = (
			);
			runOnlyForDeploymentPostprocessing = 0;
		};
		C34888EF2EB75FF2003094CB /* Resources */ = {
			isa = PBXResourcesBuildPhase;
			buildActionMask = 2147483647;
			files = (
			);
			runOnlyForDeploymentPostprocessing = 0;
		};
/* End PBXResourcesBuildPhase section */

/* Begin PBXSourcesBuildPhase section */
		C34888D32EB75FEF003094CB /* Sources */ = {
			isa = PBXSourcesBuildPhase;
			buildActionMask = 2147483647;
			files = (
				C34889102EB7C5F4003094CB /* MomentoApp.swift in Sources */,
				C3C4112E2EFEF5F8002D8DB5 /* PhotoGalleryView.swift in Sources */,
				C3C570A12F26579F00A8024C /* EventPreviewModal.swift in Sources */,
				C372E3BE2F26C55A00F905AE /* KeepsakeGridView.swift in Sources */,
				C3ACE7642EC0B243004B23B1 /* PremiumEventCard.swift in Sources */,
				C34889122EB7C6F5003094CB /* ContentView.swift in Sources */,
				C3ACE77B2EC0F190004B23B1 /* SupabaseManager.swift in Sources */,
				C34889142EB7C7F6003094CB /* Event.swift in Sources */,
				C34889162EB7C8F7003094CB /* EventRow.swift in Sources */,
				C3C4112C2EF857E9002D8DB5 /* KodakGoldFilter.swift in Sources */,
				C3STACK032F0B000000000002 /* LikedGalleryView.swift in Sources */,
				C3CARDPREV012F0B00000001 /* CardPreviewView.swift in Sources */,
				C3C6D43F2F2029F700847D38 /* ImageCacheManager.swift in Sources */,
				C3C570A02F26579F00A8024C /* VerificationCodeInput.swift in Sources */,
				C34889182EB7C9F8003094CB /* AddEventSheet.swift in Sources */,
				C3ACE7752EC0F096004B23B1 /* AuthenticationRootView.swift in Sources */,
				C348890A2EB7B2F1003094CB /* JoinEventSheet.swift in Sources */,
				C3ACE7612EC0A137004B23B1 /* PhotoStorageManager.swift in Sources */,
				C3C411322EFEF88E002D8DB5 /* RevealStateManager.swift in Sources */,
				C348890C2EB7B3F2003094CB /* CameraView.swift in Sources */,
				C34D44522F0AAA810019CA2C /* UsernameSelectionView.swift in Sources */,
				C3C6D43A2F20299100847D38 /* RevealCardView.swift in Sources */,
				C372E3BB2F26C55A00F905AE /* KeepsakeRevealView.swift in Sources */,
				C30858FF2F2E3F4300E11B8C /* AnalyticsManager.swift in Sources */,
				C34A39602EDC55360059FA89 /* EmojiReactionPicker.swift in Sources */,
				C3ACE7742EC0F096004B23B1 /* SignInView.swift in Sources */,
				C3ACE7772EC0F101004B23B1 /* OfflineSyncManager.swift in Sources */,
				C372E3BC2F26C55A00F905AE /* StatCardView.swift in Sources */,
				C348890E2EB7B4F3003094CB /* PhotoCaptureSheet.swift in Sources */,
				C3ACE7662EC0B414004B23B1 /* InviteSheet.swift in Sources */,
				C372E3BA2F26C55A00F905AE /* KeepsakeDetailModal.swift in Sources */,
				C348891A2EB7CAF9003094CB /* TimeFormatter.swift in Sources */,
				C348891C2EB7CBF0003094CB /* EventManager.swift in Sources */,
				C34A39642EDC55DB0059FA89 /* HapticsManager.swift in Sources */,
				C372E3BD2F26C55A00F905AE /* StatsGridView.swift in Sources */,
				C34D444E2F0A80EE0019CA2C /* SettingsView.swift in Sources */,
				C372E3B92F26C55A00F905AE /* ProfileView.swift in Sources */,
				C3ACE7792EC0F158004B23B1 /* SupabaseConfig.swift in Sources */,
				C30859012F2E3FC600E11B8C /* PostHogConfig.swift in Sources */,
				C34A395E2EDC55360059FA89 /* PhotoRevealCard.swift in Sources */,
				C36446B62EF8200000000001 /* CreateMomentoFlow.swift in Sources */,
				C36446B82EF8200000000002 /* CreateStep1NameView.swift in Sources */,
				C3C6D43C2F2029A400847D38 /* FeedRevealView.swift in Sources */,
				C36446BA2EF8200000000003 /* CreateStep2TimesView.swift in Sources */,
				C36446BC2EF8200000000004 /* CreateStep3ShareView.swift in Sources */,
			);
			runOnlyForDeploymentPostprocessing = 0;
		};
		C34888E32EB75FF2003094CB /* Sources */ = {
			isa = PBXSourcesBuildPhase;
			buildActionMask = 2147483647;
			files = (
				C34888EC2EB75FF2003094CB /* MomentoTests.swift in Sources */,
			);
			runOnlyForDeploymentPostprocessing = 0;
		};
		C34888ED2EB75FF2003094CB /* Sources */ = {
			isa = PBXSourcesBuildPhase;
			buildActionMask = 2147483647;
			files = (
				C34888F82EB75FF2003094CB /* MomentoUITestsLaunchTests.swift in Sources */,
				C34888F62EB75FF2003094CB /* MomentoUITests.swift in Sources */,
			);
			runOnlyForDeploymentPostprocessing = 0;
		};
/* End PBXSourcesBuildPhase section */

/* Begin PBXTargetDependency section */
		C34888E92EB75FF2003094CB /* PBXTargetDependency */ = {
			isa = PBXTargetDependency;
			target = C34888D62EB75FEF003094CB /* Momento */;
			targetProxy = C34888E82EB75FF2003094CB /* PBXContainerItemProxy */;
		};
		C34888F32EB75FF2003094CB /* PBXTargetDependency */ = {
			isa = PBXTargetDependency;
			target = C34888D62EB75FEF003094CB /* Momento */;
			targetProxy = C34888F22EB75FF2003094CB /* PBXContainerItemProxy */;
		};
/* End PBXTargetDependency section */

/* Begin XCBuildConfiguration section */
		C34888F92EB75FF2003094CB /* Debug */ = {
			isa = XCBuildConfiguration;
			buildSettings = {
				ALWAYS_SEARCH_USER_PATHS = NO;
				ASSETCATALOG_COMPILER_GENERATE_SWIFT_ASSET_SYMBOL_EXTENSIONS = YES;
				CLANG_ANALYZER_NONNULL = YES;
				CLANG_ANALYZER_NUMBER_OBJECT_CONVERSION = YES_AGGRESSIVE;
				CLANG_CXX_LANGUAGE_STANDARD = "gnu++20";
				CLANG_ENABLE_MODULES = YES;
				CLANG_ENABLE_OBJC_ARC = YES;
				CLANG_ENABLE_OBJC_WEAK = YES;
				CLANG_WARN_BLOCK_CAPTURE_AUTORELEASING = YES;
				CLANG_WARN_BOOL_CONVERSION = YES;
				CLANG_WARN_COMMA = YES;
				CLANG_WARN_CONSTANT_CONVERSION = YES;
				CLANG_WARN_DEPRECATED_OBJC_IMPLEMENTATIONS = YES;
				CLANG_WARN_DIRECT_OBJC_ISA_USAGE = YES_ERROR;
				CLANG_WARN_DOCUMENTATION_COMMENTS = YES;
				CLANG_WARN_EMPTY_BODY = YES;
				CLANG_WARN_ENUM_CONVERSION = YES;
				CLANG_WARN_INFINITE_RECURSION = YES;
				CLANG_WARN_INT_CONVERSION = YES;
				CLANG_WARN_NON_LITERAL_NULL_CONVERSION = YES;
				CLANG_WARN_OBJC_IMPLICIT_RETAIN_SELF = YES;
				CLANG_WARN_OBJC_LITERAL_CONVERSION = YES;
				CLANG_WARN_OBJC_ROOT_CLASS = YES_ERROR;
				CLANG_WARN_QUOTED_INCLUDE_IN_FRAMEWORK_HEADER = YES;
				CLANG_WARN_RANGE_LOOP_ANALYSIS = YES;
				CLANG_WARN_STRICT_PROTOTYPES = YES;
				CLANG_WARN_SUSPICIOUS_MOVE = YES;
				CLANG_WARN_UNGUARDED_AVAILABILITY = YES_AGGRESSIVE;
				CLANG_WARN_UNREACHABLE_CODE = YES;
				CLANG_WARN__DUPLICATE_METHOD_MATCH = YES;
				COPY_PHASE_STRIP = NO;
				DEBUG_INFORMATION_FORMAT = dwarf;
				ENABLE_STRICT_OBJC_MSGSEND = YES;
				ENABLE_TESTABILITY = YES;
				ENABLE_USER_SCRIPT_SANDBOXING = YES;
				GCC_C_LANGUAGE_STANDARD = gnu17;
				GCC_DYNAMIC_NO_PIC = NO;
				GCC_NO_COMMON_BLOCKS = YES;
				GCC_OPTIMIZATION_LEVEL = 0;
				GCC_PREPROCESSOR_DEFINITIONS = (
					"DEBUG=1",
					"$(inherited)",
				);
				GCC_WARN_64_TO_32_BIT_CONVERSION = YES;
				GCC_WARN_ABOUT_RETURN_TYPE = YES_ERROR;
				GCC_WARN_UNDECLARED_SELECTOR = YES;
				GCC_WARN_UNINITIALIZED_AUTOS = YES_AGGRESSIVE;
				GCC_WARN_UNUSED_FUNCTION = YES;
				GCC_WARN_UNUSED_VARIABLE = YES;
				IPHONEOS_DEPLOYMENT_TARGET = 17.2;
				LOCALIZATION_PREFERS_STRING_CATALOGS = YES;
				MTL_ENABLE_DEBUG_INFO = INCLUDE_SOURCE;
				MTL_FAST_MATH = YES;
				ONLY_ACTIVE_ARCH = YES;
				SDKROOT = iphoneos;
				SWIFT_ACTIVE_COMPILATION_CONDITIONS = "DEBUG $(inherited)";
				SWIFT_OPTIMIZATION_LEVEL = "-Onone";
			};
			name = Debug;
		};
		C34888FA2EB75FF2003094CB /* Release */ = {
			isa = XCBuildConfiguration;
			buildSettings = {
				ALWAYS_SEARCH_USER_PATHS = NO;
				ASSETCATALOG_COMPILER_GENERATE_SWIFT_ASSET_SYMBOL_EXTENSIONS = YES;
				CLANG_ANALYZER_NONNULL = YES;
				CLANG_ANALYZER_NUMBER_OBJECT_CONVERSION = YES_AGGRESSIVE;
				CLANG_CXX_LANGUAGE_STANDARD = "gnu++20";
				CLANG_ENABLE_MODULES = YES;
				CLANG_ENABLE_OBJC_ARC = YES;
				CLANG_ENABLE_OBJC_WEAK = YES;
				CLANG_WARN_BLOCK_CAPTURE_AUTORELEASING = YES;
				CLANG_WARN_BOOL_CONVERSION = YES;
				CLANG_WARN_COMMA = YES;
				CLANG_WARN_CONSTANT_CONVERSION = YES;
				CLANG_WARN_DEPRECATED_OBJC_IMPLEMENTATIONS = YES;
				CLANG_WARN_DIRECT_OBJC_ISA_USAGE = YES_ERROR;
				CLANG_WARN_DOCUMENTATION_COMMENTS = YES;
				CLANG_WARN_EMPTY_BODY = YES;
				CLANG_WARN_ENUM_CONVERSION = YES;
				CLANG_WARN_INFINITE_RECURSION = YES;
				CLANG_WARN_INT_CONVERSION = YES;
				CLANG_WARN_NON_LITERAL_NULL_CONVERSION = YES;
				CLANG_WARN_OBJC_IMPLICIT_RETAIN_SELF = YES;
				CLANG_WARN_OBJC_LITERAL_CONVERSION = YES;
				CLANG_WARN_OBJC_ROOT_CLASS = YES_ERROR;
				CLANG_WARN_QUOTED_INCLUDE_IN_FRAMEWORK_HEADER = YES;
				CLANG_WARN_RANGE_LOOP_ANALYSIS = YES;
				CLANG_WARN_STRICT_PROTOTYPES = YES;
				CLANG_WARN_SUSPICIOUS_MOVE = YES;
				CLANG_WARN_UNGUARDED_AVAILABILITY = YES_AGGRESSIVE;
				CLANG_WARN_UNREACHABLE_CODE = YES;
				CLANG_WARN__DUPLICATE_METHOD_MATCH = YES;
				COPY_PHASE_STRIP = NO;
				DEBUG_INFORMATION_FORMAT = "dwarf-with-dsym";
				ENABLE_NS_ASSERTIONS = NO;
				ENABLE_STRICT_OBJC_MSGSEND = YES;
				ENABLE_USER_SCRIPT_SANDBOXING = YES;
				GCC_C_LANGUAGE_STANDARD = gnu17;
				GCC_NO_COMMON_BLOCKS = YES;
				GCC_WARN_64_TO_32_BIT_CONVERSION = YES;
				GCC_WARN_ABOUT_RETURN_TYPE = YES_ERROR;
				GCC_WARN_UNDECLARED_SELECTOR = YES;
				GCC_WARN_UNINITIALIZED_AUTOS = YES_AGGRESSIVE;
				GCC_WARN_UNUSED_FUNCTION = YES;
				GCC_WARN_UNUSED_VARIABLE = YES;
				IPHONEOS_DEPLOYMENT_TARGET = 17.2;
				LOCALIZATION_PREFERS_STRING_CATALOGS = YES;
				MTL_ENABLE_DEBUG_INFO = NO;
				MTL_FAST_MATH = YES;
				SDKROOT = iphoneos;
				SWIFT_COMPILATION_MODE = wholemodule;
				VALIDATE_PRODUCT = YES;
			};
			name = Release;
		};
		C34888FC2EB75FF2003094CB /* Debug */ = {
			isa = XCBuildConfiguration;
			buildSettings = {
				ASSETCATALOG_COMPILER_APPICON_NAME = AppIcon;
				ASSETCATALOG_COMPILER_GLOBAL_ACCENT_COLOR_NAME = AccentColor;
				CODE_SIGN_ENTITLEMENTS = Momento/Momento.entitlements;
				CODE_SIGN_STYLE = Automatic;
				CURRENT_PROJECT_VERSION = 1;
				DEVELOPMENT_ASSET_PATHS = "\"Momento/Preview Content\"";
				DEVELOPMENT_TEAM = 8X5TV69524;
				ENABLE_PREVIEWS = YES;
				GENERATE_INFOPLIST_FILE = YES;
				INFOPLIST_FILE = Momento/Info.plist;
				INFOPLIST_KEY_CFBundleDisplayName = Momento;
				INFOPLIST_KEY_LSApplicationCategoryType = "public.app-category.photography";
				INFOPLIST_KEY_NSCameraUsageDescription = "Momento needs camera access to scan QR codes and take photos at events.";
				INFOPLIST_KEY_UIApplicationSceneManifest_Generation = YES;
				INFOPLIST_KEY_UIApplicationSupportsIndirectInputEvents = YES;
				INFOPLIST_KEY_UILaunchScreen_Generation = YES;
				INFOPLIST_KEY_UISupportedInterfaceOrientations_iPad = "UIInterfaceOrientationPortrait UIInterfaceOrientationPortraitUpsideDown UIInterfaceOrientationLandscapeLeft UIInterfaceOrientationLandscapeRight";
				INFOPLIST_KEY_UISupportedInterfaceOrientations_iPhone = "UIInterfaceOrientationPortrait UIInterfaceOrientationLandscapeLeft UIInterfaceOrientationLandscapeRight";
				LD_RUNPATH_SEARCH_PATHS = (
					"$(inherited)",
					"@executable_path/Frameworks",
				);
				MARKETING_VERSION = 1.0.0;
				PRODUCT_BUNDLE_IDENTIFIER = com.asad.Momento;
				PRODUCT_NAME = "$(TARGET_NAME)";
				SWIFT_EMIT_LOC_STRINGS = YES;
				SWIFT_VERSION = 5.0;
				TARGETED_DEVICE_FAMILY = "1,2";
			};
			name = Debug;
		};
		C34888FD2EB75FF2003094CB /* Release */ = {
			isa = XCBuildConfiguration;
			buildSettings = {
				ASSETCATALOG_COMPILER_APPICON_NAME = AppIcon;
				ASSETCATALOG_COMPILER_GLOBAL_ACCENT_COLOR_NAME = AccentColor;
				CODE_SIGN_ENTITLEMENTS = Momento/Momento.entitlements;
				CODE_SIGN_STYLE = Automatic;
				CURRENT_PROJECT_VERSION = 1;
				DEVELOPMENT_ASSET_PATHS = "\"Momento/Preview Content\"";
				DEVELOPMENT_TEAM = 8X5TV69524;
				ENABLE_PREVIEWS = YES;
				GENERATE_INFOPLIST_FILE = YES;
				INFOPLIST_FILE = Momento/Info.plist;
				INFOPLIST_KEY_CFBundleDisplayName = Momento;
				INFOPLIST_KEY_LSApplicationCategoryType = "public.app-category.photography";
				INFOPLIST_KEY_NSCameraUsageDescription = "Momento needs camera access to scan QR codes and take photos at events.";
				INFOPLIST_KEY_UIApplicationSceneManifest_Generation = YES;
				INFOPLIST_KEY_UIApplicationSupportsIndirectInputEvents = YES;
				INFOPLIST_KEY_UILaunchScreen_Generation = YES;
				INFOPLIST_KEY_UISupportedInterfaceOrientations_iPad = "UIInterfaceOrientationPortrait UIInterfaceOrientationPortraitUpsideDown UIInterfaceOrientationLandscapeLeft UIInterfaceOrientationLandscapeRight";
				INFOPLIST_KEY_UISupportedInterfaceOrientations_iPhone = "UIInterfaceOrientationPortrait UIInterfaceOrientationLandscapeLeft UIInterfaceOrientationLandscapeRight";
				LD_RUNPATH_SEARCH_PATHS = (
					"$(inherited)",
					"@executable_path/Frameworks",
				);
				MARKETING_VERSION = 1.0.0;
				PRODUCT_BUNDLE_IDENTIFIER = com.asad.Momento;
				PRODUCT_NAME = "$(TARGET_NAME)";
				SWIFT_EMIT_LOC_STRINGS = YES;
				SWIFT_VERSION = 5.0;
				TARGETED_DEVICE_FAMILY = "1,2";
			};
			name = Release;
		};
		C34888FF2EB75FF2003094CB /* Debug */ = {
			isa = XCBuildConfiguration;
			buildSettings = {
				ALWAYS_EMBED_SWIFT_STANDARD_LIBRARIES = YES;
				BUNDLE_LOADER = "$(TEST_HOST)";
				CODE_SIGN_STYLE = Automatic;
				CURRENT_PROJECT_VERSION = 1;
				DEVELOPMENT_TEAM = 8X5TV69524;
				GENERATE_INFOPLIST_FILE = YES;
				IPHONEOS_DEPLOYMENT_TARGET = 17.2;
				MARKETING_VERSION = 1.0;
				PRODUCT_BUNDLE_IDENTIFIER = com.asad.MomentoTests;
				PRODUCT_NAME = "$(TARGET_NAME)";
				SWIFT_EMIT_LOC_STRINGS = NO;
				SWIFT_VERSION = 5.0;
				TARGETED_DEVICE_FAMILY = "1,2";
				TEST_HOST = "$(BUILT_PRODUCTS_DIR)/Momento.app/$(BUNDLE_EXECUTABLE_FOLDER_PATH)/Momento";
			};
			name = Debug;
		};
		C34889002EB75FF2003094CB /* Release */ = {
			isa = XCBuildConfiguration;
			buildSettings = {
				ALWAYS_EMBED_SWIFT_STANDARD_LIBRARIES = YES;
				BUNDLE_LOADER = "$(TEST_HOST)";
				CODE_SIGN_STYLE = Automatic;
				CURRENT_PROJECT_VERSION = 1;
				DEVELOPMENT_TEAM = 8X5TV69524;
				GENERATE_INFOPLIST_FILE = YES;
				IPHONEOS_DEPLOYMENT_TARGET = 17.2;
				MARKETING_VERSION = 1.0;
				PRODUCT_BUNDLE_IDENTIFIER = com.asad.MomentoTests;
				PRODUCT_NAME = "$(TARGET_NAME)";
				SWIFT_EMIT_LOC_STRINGS = NO;
				SWIFT_VERSION = 5.0;
				TARGETED_DEVICE_FAMILY = "1,2";
				TEST_HOST = "$(BUILT_PRODUCTS_DIR)/Momento.app/$(BUNDLE_EXECUTABLE_FOLDER_PATH)/Momento";
			};
			name = Release;
		};
		C34889022EB75FF2003094CB /* Debug */ = {
			isa = XCBuildConfiguration;
			buildSettings = {
				ALWAYS_EMBED_SWIFT_STANDARD_LIBRARIES = YES;
				CODE_SIGN_STYLE = Automatic;
				CURRENT_PROJECT_VERSION = 1;
				DEVELOPMENT_TEAM = 8X5TV69524;
				GENERATE_INFOPLIST_FILE = YES;
				MARKETING_VERSION = 1.0;
				PRODUCT_BUNDLE_IDENTIFIER = com.asad.MomentoUITests;
				PRODUCT_NAME = "$(TARGET_NAME)";
				SWIFT_EMIT_LOC_STRINGS = NO;
				SWIFT_VERSION = 5.0;
				TARGETED_DEVICE_FAMILY = "1,2";
				TEST_TARGET_NAME = Momento;
			};
			name = Debug;
		};
		C34889032EB75FF2003094CB /* Release */ = {
			isa = XCBuildConfiguration;
			buildSettings = {
				ALWAYS_EMBED_SWIFT_STANDARD_LIBRARIES = YES;
				CODE_SIGN_STYLE = Automatic;
				CURRENT_PROJECT_VERSION = 1;
				DEVELOPMENT_TEAM = 8X5TV69524;
				GENERATE_INFOPLIST_FILE = YES;
				MARKETING_VERSION = 1.0;
				PRODUCT_BUNDLE_IDENTIFIER = com.asad.MomentoUITests;
				PRODUCT_NAME = "$(TARGET_NAME)";
				SWIFT_EMIT_LOC_STRINGS = NO;
				SWIFT_VERSION = 5.0;
				TARGETED_DEVICE_FAMILY = "1,2";
				TEST_TARGET_NAME = Momento;
			};
			name = Release;
		};
/* End XCBuildConfiguration section */

/* Begin XCConfigurationList section */
		C34888D22EB75FEE003094CB /* Build configuration list for PBXProject "Momento" */ = {
			isa = XCConfigurationList;
			buildConfigurations = (
				C34888F92EB75FF2003094CB /* Debug */,
				C34888FA2EB75FF2003094CB /* Release */,
			);
			defaultConfigurationIsVisible = 0;
			defaultConfigurationName = Release;
		};
		C34888FB2EB75FF2003094CB /* Build configuration list for PBXNativeTarget "Momento" */ = {
			isa = XCConfigurationList;
			buildConfigurations = (
				C34888FC2EB75FF2003094CB /* Debug */,
				C34888FD2EB75FF2003094CB /* Release */,
			);
			defaultConfigurationIsVisible = 0;
			defaultConfigurationName = Release;
		};
		C34888FE2EB75FF2003094CB /* Build configuration list for PBXNativeTarget "MomentoTests" */ = {
			isa = XCConfigurationList;
			buildConfigurations = (
				C34888FF2EB75FF2003094CB /* Debug */,
				C34889002EB75FF2003094CB /* Release */,
			);
			defaultConfigurationIsVisible = 0;
			defaultConfigurationName = Release;
		};
		C34889012EB75FF2003094CB /* Build configuration list for PBXNativeTarget "MomentoUITests" */ = {
			isa = XCConfigurationList;
			buildConfigurations = (
				C34889022EB75FF2003094CB /* Debug */,
				C34889032EB75FF2003094CB /* Release */,
			);
			defaultConfigurationIsVisible = 0;
			defaultConfigurationName = Release;
		};
/* End XCConfigurationList section */

/* Begin XCRemoteSwiftPackageReference section */
		C30858FB2F2E3A1800E11B8C /* XCRemoteSwiftPackageReference "posthog-ios" */ = {
			isa = XCRemoteSwiftPackageReference;
			repositoryURL = "https://github.com/PostHog/posthog-ios";
			requirement = {
				kind = upToNextMajorVersion;
				minimumVersion = 3.38.0;
			};
		};
		C3ACE7672EC0E45B004B23B1 /* XCRemoteSwiftPackageReference "supabase-swift" */ = {
			isa = XCRemoteSwiftPackageReference;
			repositoryURL = "https://github.com/supabase-community/supabase-swift";
			requirement = {
				kind = upToNextMajorVersion;
				minimumVersion = 2.5.1;
			};
		};
/* End XCRemoteSwiftPackageReference section */

/* Begin XCSwiftPackageProductDependency section */
		C30858FC2F2E3A1800E11B8C /* PostHog */ = {
			isa = XCSwiftPackageProductDependency;
			package = C30858FB2F2E3A1800E11B8C /* XCRemoteSwiftPackageReference "posthog-ios" */;
			productName = PostHog;
		};
		C3ACE7682EC0E45B004B23B1 /* Auth */ = {
			isa = XCSwiftPackageProductDependency;
			package = C3ACE7672EC0E45B004B23B1 /* XCRemoteSwiftPackageReference "supabase-swift" */;
			productName = Auth;
		};
		C3ACE76A2EC0E45B004B23B1 /* Functions */ = {
			isa = XCSwiftPackageProductDependency;
			package = C3ACE7672EC0E45B004B23B1 /* XCRemoteSwiftPackageReference "supabase-swift" */;
			productName = Functions;
		};
		C3ACE76C2EC0E45B004B23B1 /* PostgREST */ = {
			isa = XCSwiftPackageProductDependency;
			package = C3ACE7672EC0E45B004B23B1 /* XCRemoteSwiftPackageReference "supabase-swift" */;
			productName = PostgREST;
		};
		C3ACE76E2EC0E45B004B23B1 /* Realtime */ = {
			isa = XCSwiftPackageProductDependency;
			package = C3ACE7672EC0E45B004B23B1 /* XCRemoteSwiftPackageReference "supabase-swift" */;
			productName = Realtime;
		};
		C3ACE7702EC0E45B004B23B1 /* Storage */ = {
			isa = XCSwiftPackageProductDependency;
			package = C3ACE7672EC0E45B004B23B1 /* XCRemoteSwiftPackageReference "supabase-swift" */;
			productName = Storage;
		};
		C3ACE77D2EC0F920004B23B1 /* Supabase */ = {
			isa = XCSwiftPackageProductDependency;
			package = C3ACE7672EC0E45B004B23B1 /* XCRemoteSwiftPackageReference "supabase-swift" */;
			productName = Supabase;
		};
/* End XCSwiftPackageProductDependency section */
	};
	rootObject = C34888CF2EB75FEE003094CB /* Project object */;
}
